
Microsoft Visual Studio Solution File, Format Version 12.00
# Visual Studio Version 16
VisualStudioVersion = 16.0.29905.134
MinimumVisualStudioVersion = 10.0.40219.1
Project("{2150E333-8FDC-42A3-9474-1A3956D46DE8}") = "src", "src", "{B7081D8C-3672-49A9-9039-39FB0D6B6C77}"
EndProject
Project("{2150E333-8FDC-42A3-9474-1A3956D46DE8}") = "Solution Items", "Solution Items", "{44B01368-DF44-4C3C-8D7D-4D35E0300ADA}"
	ProjectSection(SolutionItems) = preProject
		.gitignore = .gitignore
		azure-pipelines.yml = azure-pipelines.yml
		common.props = common.props
		global.json = global.json
		LICENSE = LICENSE
		README.md = README.md
		RELEASE_NOTES.md = RELEASE_NOTES.md
		repository_info.props = repository_info.props
		version.props = version.props
	EndProjectSection
EndProject
Project("{9A19103F-16F7-4668-BE54-9A1E7A4F7556}") = "Riven.Modular", "src\Riven.Modular\Riven.Modular.csproj", "{91ACBCDD-6D6B-422D-A48B-344D6F73E36C}"
EndProject
Project("{2150E333-8FDC-42A3-9474-1A3956D46DE8}") = "samples", "samples", "{E2C0CDE9-CA3F-4724-8192-3717D45C1245}"
EndProject
Project("{9A19103F-16F7-4668-BE54-9A1E7A4F7556}") = "ConsoleSample", "samples\ConsoleSample\ConsoleSample.csproj", "{35B3CDC5-7645-49BB-BE53-D9C34BFDEB99}"
EndProject
Project("{2150E333-8FDC-42A3-9474-1A3956D46DE8}") = "tests", "tests", "{1326140C-4D83-49AE-A1CC-ADF44CCC392D}"
EndProject
Project("{9A19103F-16F7-4668-BE54-9A1E7A4F7556}") = "Riven.Modular.Tests", "tests\Riven.Modular.Tests\Riven.Modular.Tests.csproj", "{5922CB2B-85EB-420C-80FC-E79360F24055}"
EndProject
Project("{2150E333-8FDC-42A3-9474-1A3956D46DE8}") = "nupkg", "nupkg", "{F19E1F17-4E00-4431-8983-C8D9A76AF8DB}"
	ProjectSection(SolutionItems) = preProject
		nupkg\common.ps1 = nupkg\common.ps1
		nupkg\dev_push_packages.ps1 = nupkg\dev_push_packages.ps1
		nupkg\pack.ps1 = nupkg\pack.ps1
		nupkg\push_packages.ps1 = nupkg\push_packages.ps1
	EndProjectSection
EndProject
Project("{9A19103F-16F7-4668-BE54-9A1E7A4F7556}") = "SampleCommon", "samples\SampleCommon\SampleCommon.csproj", "{22EF025C-82A7-4292-9238-F1F184BA6FAC}"
EndProject
Project("{9A19103F-16F7-4668-BE54-9A1E7A4F7556}") = "WebSample", "samples\WebSample\WebSample.csproj", "{F2E48686-643B-437D-A6FF-59341570D2B5}"
EndProject
Project("{2150E333-8FDC-42A3-9474-1A3956D46DE8}") = ".github", ".github", "{D0B939A4-3A12-4E8D-9B76-21AE58A8568F}"
EndProject
Project("{2150E333-8FDC-42A3-9474-1A3956D46DE8}") = "workflows", "workflows", "{CC62B4AA-7ACD-4D98-BFBA-16630FA862BE}"
	ProjectSection(SolutionItems) = preProject
		.github\workflows\build_and_publish_nuget.yml = .github\workflows\build_and_publish_nuget.yml
	EndProjectSection
EndProject
Project("{FAE04EC0-301F-11D3-BF4B-00C04F79EFBC}") = "PluginA", "samples\PluginA\PluginA.csproj", "{1C5A5B67-0EBB-4CF3-AFEB-4FA8111895D4}"
EndProject
Project("{FAE04EC0-301F-11D3-BF4B-00C04F79EFBC}") = "PluginB", "samples\PluginB\PluginB.csproj", "{AC1734CB-E379-460A-B32F-199A8177F9A2}"
EndProject
Project("{FAE04EC0-301F-11D3-BF4B-00C04F79EFBC}") = "PluginC", "samples\PluginC\PluginC.csproj", "{9AFD644D-0A24-483F-9875-42285046CC91}"
EndProject
Global
	GlobalSection(SolutionConfigurationPlatforms) = preSolution
		Debug|Any CPU = Debug|Any CPU
		Release|Any CPU = Release|Any CPU
	EndGlobalSection
	GlobalSection(ProjectConfigurationPlatforms) = postSolution
		{91ACBCDD-6D6B-422D-A48B-344D6F73E36C}.Debug|Any CPU.ActiveCfg = Debug|Any CPU
		{91ACBCDD-6D6B-422D-A48B-344D6F73E36C}.Debug|Any CPU.Build.0 = Debug|Any CPU
		{91ACBCDD-6D6B-422D-A48B-344D6F73E36C}.Release|Any CPU.ActiveCfg = Release|Any CPU
		{91ACBCDD-6D6B-422D-A48B-344D6F73E36C}.Release|Any CPU.Build.0 = Release|Any CPU
		{35B3CDC5-7645-49BB-BE53-D9C34BFDEB99}.Debug|Any CPU.ActiveCfg = Debug|Any CPU
		{35B3CDC5-7645-49BB-BE53-D9C34BFDEB99}.Debug|Any CPU.Build.0 = Debug|Any CPU
		{35B3CDC5-7645-49BB-BE53-D9C34BFDEB99}.Release|Any CPU.ActiveCfg = Release|Any CPU
		{35B3CDC5-7645-49BB-BE53-D9C34BFDEB99}.Release|Any CPU.Build.0 = Release|Any CPU
		{5922CB2B-85EB-420C-80FC-E79360F24055}.Debug|Any CPU.ActiveCfg = Debug|Any CPU
		{5922CB2B-85EB-420C-80FC-E79360F24055}.Debug|Any CPU.Build.0 = Debug|Any CPU
		{5922CB2B-85EB-420C-80FC-E79360F24055}.Release|Any CPU.ActiveCfg = Release|Any CPU
		{5922CB2B-85EB-420C-80FC-E79360F24055}.Release|Any CPU.Build.0 = Release|Any CPU
		{22EF025C-82A7-4292-9238-F1F184BA6FAC}.Debug|Any CPU.ActiveCfg = Debug|Any CPU
		{22EF025C-82A7-4292-9238-F1F184BA6FAC}.Debug|Any CPU.Build.0 = Debug|Any CPU
		{22EF025C-82A7-4292-9238-F1F184BA6FAC}.Release|Any CPU.ActiveCfg = Release|Any CPU
		{22EF025C-82A7-4292-9238-F1F184BA6FAC}.Release|Any CPU.Build.0 = Release|Any CPU
		{F2E48686-643B-437D-A6FF-59341570D2B5}.Debug|Any CPU.ActiveCfg = Debug|Any CPU
		{F2E48686-643B-437D-A6FF-59341570D2B5}.Debug|Any CPU.Build.0 = Debug|Any CPU
		{F2E48686-643B-437D-A6FF-59341570D2B5}.Release|Any CPU.ActiveCfg = Release|Any CPU
		{F2E48686-643B-437D-A6FF-59341570D2B5}.Release|Any CPU.Build.0 = Release|Any CPU
		{1C5A5B67-0EBB-4CF3-AFEB-4FA8111895D4}.Debug|Any CPU.ActiveCfg = Debug|Any CPU
		{1C5A5B67-0EBB-4CF3-AFEB-4FA8111895D4}.Debug|Any CPU.Build.0 = Debug|Any CPU
		{1C5A5B67-0EBB-4CF3-AFEB-4FA8111895D4}.Release|Any CPU.ActiveCfg = Release|Any CPU
		{1C5A5B67-0EBB-4CF3-AFEB-4FA8111895D4}.Release|Any CPU.Build.0 = Release|Any CPU
		{AC1734CB-E379-460A-B32F-199A8177F9A2}.Debug|Any CPU.ActiveCfg = Debug|Any CPU
		{AC1734CB-E379-460A-B32F-199A8177F9A2}.Debug|Any CPU.Build.0 = Debug|Any CPU
		{AC1734CB-E379-460A-B32F-199A8177F9A2}.Release|Any CPU.ActiveCfg = Release|Any CPU
		{AC1734CB-E379-460A-B32F-199A8177F9A2}.Release|Any CPU.Build.0 = Release|Any CPU
		{9AFD644D-0A24-483F-9875-42285046CC91}.Debug|Any CPU.ActiveCfg = Debug|Any CPU
		{9AFD644D-0A24-483F-9875-42285046CC91}.Debug|Any CPU.Build.0 = Debug|Any CPU
		{9AFD644D-0A24-483F-9875-42285046CC91}.Release|Any CPU.ActiveCfg = Release|Any CPU
		{9AFD644D-0A24-483F-9875-42285046CC91}.Release|Any CPU.Build.0 = Release|Any CPU
	EndGlobalSection
	GlobalSection(SolutionProperties) = preSolution
		HideSolutionNode = FALSE
	EndGlobalSection
	GlobalSection(NestedProjects) = preSolution
		{91ACBCDD-6D6B-422D-A48B-344D6F73E36C} = {B7081D8C-3672-49A9-9039-39FB0D6B6C77}
		{35B3CDC5-7645-49BB-BE53-D9C34BFDEB99} = {E2C0CDE9-CA3F-4724-8192-3717D45C1245}
		{5922CB2B-85EB-420C-80FC-E79360F24055} = {1326140C-4D83-49AE-A1CC-ADF44CCC392D}
		{F19E1F17-4E00-4431-8983-C8D9A76AF8DB} = {44B01368-DF44-4C3C-8D7D-4D35E0300ADA}
		{22EF025C-82A7-4292-9238-F1F184BA6FAC} = {E2C0CDE9-CA3F-4724-8192-3717D45C1245}
		{F2E48686-643B-437D-A6FF-59341570D2B5} = {E2C0CDE9-CA3F-4724-8192-3717D45C1245}
		{D0B939A4-3A12-4E8D-9B76-21AE58A8568F} = {44B01368-DF44-4C3C-8D7D-4D35E0300ADA}
		{CC62B4AA-7ACD-4D98-BFBA-16630FA862BE} = {D0B939A4-3A12-4E8D-9B76-21AE58A8568F}
		{1C5A5B67-0EBB-4CF3-AFEB-4FA8111895D4} = {E2C0CDE9-CA3F-4724-8192-3717D45C1245}
		{AC1734CB-E379-460A-B32F-199A8177F9A2} = {E2C0CDE9-CA3F-4724-8192-3717D45C1245}
		{9AFD644D-0A24-483F-9875-42285046CC91} = {E2C0CDE9-CA3F-4724-8192-3717D45C1245}
	EndGlobalSection
	GlobalSection(ExtensibilityGlobals) = postSolution
		SolutionGuid = {AE728820-11BF-4E2C-B7F4-6FA3B78F2761}
	EndGlobalSection
EndGlobal
