
Microsoft Visual Studio Solution File, Format Version 12.00
# Visual Studio Version 16
VisualStudioVersion = 16.0.29905.134
MinimumVisualStudioVersion = 10.0.40219.1
Project("{2150E333-8FDC-42A3-9474-1A3956D46DE8}") = "src", "src", "{B7081D8C-3672-49A9-9039-39FB0D6B6C77}"
EndProject
Project("{2150E333-8FDC-42A3-9474-1A3956D46DE8}") = "Solution Items", "Solution Items", "{44B01368-DF44-4C3C-8D7D-4D35E0300ADA}"
	ProjectSection(SolutionItems) = preProject
		.gitignore = .gitignore
		common.props = common.props
		LICENSE = LICENSE
		README.md = README.md
		repository_info.props = repository_info.props
		version.props = version.props
	EndProjectSection
EndProject
Project("{9A19103F-16F7-4668-BE54-9A1E7A4F7556}") = "Riven.Modular", "src\Riven.Modular\Riven.Modular.csproj", "{91ACBCDD-6D6B-422D-A48B-344D6F73E36C}"
EndProject
Project("{2150E333-8FDC-42A3-9474-1A3956D46DE8}") = "samples", "samples", "{E2C0CDE9-CA3F-4724-8192-3717D45C1245}"
EndProject
Project("{9A19103F-16F7-4668-BE54-9A1E7A4F7556}") = "ConsoleSample", "samples\ConsoleSample\ConsoleSample.csproj", "{35B3CDC5-7645-49BB-BE53-D9C34BFDEB99}"
EndProject
Project("{9A19103F-16F7-4668-BE54-9A1E7A4F7556}") = "SampleCommon", "Samples\SampleCommon\SampleCommon.csproj", "{4546BD9C-F1AE-45EB-B926-10EDA41BCDFC}"
EndProject
Project("{9A19103F-16F7-4668-BE54-9A1E7A4F7556}") = "WebSample", "Samples\WebSample\WebSample.csproj", "{4A902B60-BD9E-45CD-B1CD-4CBC184F897E}"
EndProject
Project("{2150E333-8FDC-42A3-9474-1A3956D46DE8}") = "tests", "tests", "{1326140C-4D83-49AE-A1CC-ADF44CCC392D}"
EndProject
Project("{9A19103F-16F7-4668-BE54-9A1E7A4F7556}") = "Riven.Modular.Tests", "tests\Riven.Modular.Tests\Riven.Modular.Tests.csproj", "{5922CB2B-85EB-420C-80FC-E79360F24055}"
EndProject
Project("{2150E333-8FDC-42A3-9474-1A3956D46DE8}") = "nupkg", "nupkg", "{F19E1F17-4E00-4431-8983-C8D9A76AF8DB}"
	ProjectSection(SolutionItems) = preProject
		nupkg\common.ps1 = nupkg\common.ps1
		nupkg\pack.ps1 = nupkg\pack.ps1
		nupkg\push_packages.ps1 = nupkg\push_packages.ps1
	EndProjectSection
EndProject
Global
	GlobalSection(SolutionConfigurationPlatforms) = preSolution
		Debug|Any CPU = Debug|Any CPU
		Release|Any CPU = Release|Any CPU
	EndGlobalSection
	GlobalSection(ProjectConfigurationPlatforms) = postSolution
		{91ACBCDD-6D6B-422D-A48B-344D6F73E36C}.Debug|Any CPU.ActiveCfg = Debug|Any CPU
		{91ACBCDD-6D6B-422D-A48B-344D6F73E36C}.Debug|Any CPU.Build.0 = Debug|Any CPU
		{91ACBCDD-6D6B-422D-A48B-344D6F73E36C}.Release|Any CPU.ActiveCfg = Release|Any CPU
		{91ACBCDD-6D6B-422D-A48B-344D6F73E36C}.Release|Any CPU.Build.0 = Release|Any CPU
		{35B3CDC5-7645-49BB-BE53-D9C34BFDEB99}.Debug|Any CPU.ActiveCfg = Debug|Any CPU
		{35B3CDC5-7645-49BB-BE53-D9C34BFDEB99}.Debug|Any CPU.Build.0 = Debug|Any CPU
		{35B3CDC5-7645-49BB-BE53-D9C34BFDEB99}.Release|Any CPU.ActiveCfg = Release|Any CPU
		{35B3CDC5-7645-49BB-BE53-D9C34BFDEB99}.Release|Any CPU.Build.0 = Release|Any CPU
		{4546BD9C-F1AE-45EB-B926-10EDA41BCDFC}.Debug|Any CPU.ActiveCfg = Debug|Any CPU
		{4546BD9C-F1AE-45EB-B926-10EDA41BCDFC}.Debug|Any CPU.Build.0 = Debug|Any CPU
		{4546BD9C-F1AE-45EB-B926-10EDA41BCDFC}.Release|Any CPU.ActiveCfg = Release|Any CPU
		{4546BD9C-F1AE-45EB-B926-10EDA41BCDFC}.Release|Any CPU.Build.0 = Release|Any CPU
		{4A902B60-BD9E-45CD-B1CD-4CBC184F897E}.Debug|Any CPU.ActiveCfg = Debug|Any CPU
		{4A902B60-BD9E-45CD-B1CD-4CBC184F897E}.Debug|Any CPU.Build.0 = Debug|Any CPU
		{4A902B60-BD9E-45CD-B1CD-4CBC184F897E}.Release|Any CPU.ActiveCfg = Release|Any CPU
		{4A902B60-BD9E-45CD-B1CD-4CBC184F897E}.Release|Any CPU.Build.0 = Release|Any CPU
		{5922CB2B-85EB-420C-80FC-E79360F24055}.Debug|Any CPU.ActiveCfg = Debug|Any CPU
		{5922CB2B-85EB-420C-80FC-E79360F24055}.Debug|Any CPU.Build.0 = Debug|Any CPU
		{5922CB2B-85EB-420C-80FC-E79360F24055}.Release|Any CPU.ActiveCfg = Release|Any CPU
		{5922CB2B-85EB-420C-80FC-E79360F24055}.Release|Any CPU.Build.0 = Release|Any CPU
	EndGlobalSection
	GlobalSection(SolutionProperties) = preSolution
		HideSolutionNode = FALSE
	EndGlobalSection
	GlobalSection(NestedProjects) = preSolution
		{91ACBCDD-6D6B-422D-A48B-344D6F73E36C} = {B7081D8C-3672-49A9-9039-39FB0D6B6C77}
		{35B3CDC5-7645-49BB-BE53-D9C34BFDEB99} = {E2C0CDE9-CA3F-4724-8192-3717D45C1245}
		{4546BD9C-F1AE-45EB-B926-10EDA41BCDFC} = {E2C0CDE9-CA3F-4724-8192-3717D45C1245}
		{4A902B60-BD9E-45CD-B1CD-4CBC184F897E} = {E2C0CDE9-CA3F-4724-8192-3717D45C1245}
		{5922CB2B-85EB-420C-80FC-E79360F24055} = {1326140C-4D83-49AE-A1CC-ADF44CCC392D}
		{F19E1F17-4E00-4431-8983-C8D9A76AF8DB} = {44B01368-DF44-4C3C-8D7D-4D35E0300ADA}
	EndGlobalSection
	GlobalSection(ExtensibilityGlobals) = postSolution
		SolutionGuid = {AE728820-11BF-4E2C-B7F4-6FA3B78F2761}
	EndGlobalSection
EndGlobal
